{
  "name": "teamspeak_bots",
  "version": "1.0.0",
  "lockfileVersion": 1,
  "requires": true,
  "dependencies": {
    "asn1": {
      "version": "0.2.4",
      "resolved": "https://registry.npmjs.org/asn1/-/asn1-0.2.4.tgz",
      "integrity": "sha512-jxwzQpLQjSmWXgwaCZE9Nz+glAG01yF1QnWgbhGwHI5A6FRIEY6IVqtHhIepHqI7/kyEyQEagBC5mBEFlIYvdg==",
      "requires": {
        "safer-buffer": "~2.1.0"
      }
    },
    "carrier": {
      "version": "0.3.0",
      "resolved": "https://registry.npmjs.org/carrier/-/carrier-0.3.0.tgz",
      "integrity": "sha1-vSldHTp1JMrGPdd5uSnuIqNiutQ="
    },
    "cross-fetch": {
      "version": "3.0.6",
      "resolved": "https://registry.npmjs.org/cross-fetch/-/cross-fetch-3.0.6.tgz",
      "integrity": "sha512-KBPUbqgFjzWlVcURG+Svp9TlhA5uliYtiNx/0r8nv0pdypeQCRJ9IaSIc3q/x3q8t3F75cHuwxVql1HFGHCNJQ==",
      "requires": {
        "node-fetch": "2.6.1"
      }
    },
    "eventemitter2": {
      "version": "1.0.5",
      "resolved": "https://registry.npmjs.org/eventemitter2/-/eventemitter2-1.0.5.tgz",
      "integrity": "sha1-+YNhBRexc3wLncZDvsqTiTwE3xg="
    },
    "node-fetch": {
      "version": "2.6.1",
      "resolved": "https://registry.npmjs.org/node-fetch/-/node-fetch-2.6.1.tgz",
      "integrity": "sha512-V4aYg89jEoVRxRb2fJdAg8FHvI7cEyYdVAh94HH0UIK8oJxUfkjlDQN9RbMx+bEjP7+ggMiFRprSti032Oipxw=="
    },
    "oauth-1.0a": {
      "version": "2.2.6",
      "resolved": "https://registry.npmjs.org/oauth-1.0a/-/oauth-1.0a-2.2.6.tgz",
      "integrity": "sha512-6bkxv3N4Gu5lty4viIcIAnq5GbxECviMBeKR3WX/q87SPQ8E8aursPZUtsXDnxCs787af09WPRBLqYrf/lwoYQ=="
    },
    "safer-buffer": {
      "version": "2.1.2",
      "resolved": "https://registry.npmjs.org/safer-buffer/-/safer-buffer-2.1.2.tgz",
      "integrity": "sha512-YZo3K82SD7Riyi0E1EQPojLz7kpepnSQI9IyPbHHg1XXXevb5dJI7tpyN2ADxGcQbHG7vcyRHk0cbwqcQriUtg=="
    },
    "semver": {
      "version": "5.7.1",
      "resolved": "https://registry.npmjs.org/semver/-/semver-5.7.1.tgz",
      "integrity": "sha512-sauaDf/PZdVgrLTNYHRtpXa1iRiKcaebiKQ1BJdpQlWH2lCvexQdX55snPFyK7QzpudqbCI0qXFfOasHdyNDGQ=="
    },
    "ssh2": {
      "version": "0.6.2",
      "resolved": "https://registry.npmjs.org/ssh2/-/ssh2-0.6.2.tgz",
      "integrity": "sha512-DJ+dOhXEEsmNpcQTI0x69FS++JH6qqL/ltEHf01pI1SSLMAcmD+hL4jRwvHjPwynPsmSUbHJ/WIZYzROfqZWjA==",
      "requires": {
        "ssh2-streams": "~0.2.0"
      }
    },
    "ssh2-streams": {
      "version": "0.2.1",
      "resolved": "https://registry.npmjs.org/ssh2-streams/-/ssh2-streams-0.2.1.tgz",
      "integrity": "sha512-3zCOsmunh1JWgPshfhKmBCL3lUtHPoh+a/cyQ49Ft0Q0aF7xgN06b76L+oKtFi0fgO57FLjFztb1GlJcEZ4a3Q==",
      "requires": {
        "asn1": "~0.2.0",
        "semver": "^5.1.0",
        "streamsearch": "~0.1.2"
      }
    },
    "streamsearch": {
      "version": "0.1.2",
      "resolved": "https://registry.npmjs.org/streamsearch/-/streamsearch-0.1.2.tgz",
      "integrity": "sha1-gIudDlb8Jz2Am6VzOOkpkZoanxo="
    },
    "teamspeak-query": {
      "version": "4.0.0-pre-0",
      "resolved": "https://registry.npmjs.org/teamspeak-query/-/teamspeak-query-4.0.0-pre-0.tgz",
      "integrity": "sha512-kawWtZFGCI9DAh0XGfkZhEQ3Zrmh2sJJJEo0Oz2BXz193I5YudgUWctk/txzbW+Tasmkbk8fZnM+IKvKFQBYUA==",
      "requires": {
        "carrier": "^0.3.0",
        "eventemitter2": "^1.0.3",
        "ssh2": "^0.6.1",
        "type-of": "^2.0.1"
      }
    },
    "twitter-lite": {
      "version": "0.14.0",
      "resolved": "https://registry.npmjs.org/twitter-lite/-/twitter-lite-0.14.0.tgz",
      "integrity": "sha512-AP7jnuEBIMA18fi3IDWT7fTOJVpZrl1ZwJKunGf2iknKv5BH4mpwBvJmu3RP59XHZFL3ckUcGGRw/INVRikBBg==",
      "requires": {
        "cross-fetch": "^3.0.0",
        "oauth-1.0a": "^2.2.4"
      }
    },
    "type-of": {
      "version": "2.0.1",
      "resolved": "https://registry.npmjs.org/type-of/-/type-of-2.0.1.tgz",
      "integrity": "sha1-5yoXQYllaOn2KDeNgW1pEvfyOXI="
    }
  }
}
